
Microsoft Visual Studio Solution File, Format Version 12.00
# Visual Studio Version 16
VisualStudioVersion = 16.0.30517.126
MinimumVisualStudioVersion = 10.0.40219.1
Project("{FAE04EC0-301F-11D3-BF4B-00C04F79EFBC}") = "movieAPI", "movieAPI\movieAPI.csproj", "{C3533CB4-71AE-4155-B242-9B174647B89E}"
EndProject
Global
	GlobalSection(SolutionConfigurationPlatforms) = preSolution
		Debug|Any CPU = Debug|Any CPU
		Release|Any CPU = Release|Any CPU
	EndGlobalSection
	GlobalSection(ProjectConfigurationPlatforms) = postSolution
		{C3533CB4-71AE-4155-B242-9B174647B89E}.Debug|Any CPU.ActiveCfg = Debug|Any CPU
		{C3533CB4-71AE-4155-B242-9B174647B89E}.Debug|Any CPU.Build.0 = Debug|Any CPU
		{C3533CB4-71AE-4155-B242-9B174647B89E}.Release|Any CPU.ActiveCfg = Release|Any CPU
		{C3533CB4-71AE-4155-B242-9B174647B89E}.Release|Any CPU.Build.0 = Release|Any CPU
	EndGlobalSection
	GlobalSection(SolutionProperties) = preSolution
		HideSolutionNode = FALSE
	EndGlobalSection
	GlobalSection(ExtensibilityGlobals) = postSolution
		SolutionGuid = {D80B7AC3-9CCE-4081-9F9F-19E5AB3F967F}
	EndGlobalSection
EndGlobal
